// !$*UTF8*$!
{
	archiveVersion = 1;
	classes = {
	};
	objectVersion = 46;
	objects = {

/* Begin PBXBuildFile section */
		476DA9071CA1421A00973BD3 /* main.m in Sources */ = {isa = PBXBuildFile; fileRef = 476DA9061CA1421A00973BD3 /* main.m */; };
		476DA90A1CA1421A00973BD3 /* AppDelegate.m in Sources */ = {isa = PBXBuildFile; fileRef = 476DA9091CA1421A00973BD3 /* AppDelegate.m */; };
		476DA90D1CA1421A00973BD3 /* ViewController.m in Sources */ = {isa = PBXBuildFile; fileRef = 476DA90C1CA1421A00973BD3 /* ViewController.m */; };
		476DA9101CA1421A00973BD3 /* Main.storyboard in Resources */ = {isa = PBXBuildFile; fileRef = 476DA90E1CA1421A00973BD3 /* Main.storyboard */; };
		476DA9121CA1421A00973BD3 /* Assets.xcassets in Resources */ = {isa = PBXBuildFile; fileRef = 476DA9111CA1421A00973BD3 /* Assets.xcassets */; };
		476DA9151CA1421A00973BD3 /* LaunchScreen.storyboard in Resources */ = {isa = PBXBuildFile; fileRef = 476DA9131CA1421A00973BD3 /* LaunchScreen.storyboard */; };
		476DA9221CA1422200973BD3 /* XhorTableView.m in Sources */ = {isa = PBXBuildFile; fileRef = 476DA91E1CA1422200973BD3 /* XhorTableView.m */; };
		476DA9231CA1422200973BD3 /* XtableCell.m in Sources */ = {isa = PBXBuildFile; fileRef = 476DA9201CA1422200973BD3 /* XtableCell.m */; };
		476DA9241CA1422200973BD3 /* XtableCell.xib in Resources */ = {isa = PBXBuildFile; fileRef = 476DA9211CA1422200973BD3 /* XtableCell.xib */; };
/* End PBXBuildFile section */

/* Begin PBXFileReference section */
		476DA9021CA1421A00973BD3 /* XhorTableView-Master.app */ = {isa = PBXFileReference; explicitFileType = wrapper.application; includeInIndex = 0; path = "XhorTableView-Master.app"; sourceTree = BUILT_PRODUCTS_DIR; };
		476DA9061CA1421A00973BD3 /* main.m */ = {isa = PBXFileReference; lastKnownFileType = sourcecode.c.objc; path = main.m; sourceTree = "<group>"; };
		476DA9081CA1421A00973BD3 /* AppDelegate.h */ = {isa = PBXFileReference; lastKnownFileType = sourcecode.c.h; path = AppDelegate.h; sourceTree = "<group>"; };
		476DA9091CA1421A00973BD3 /* AppDelegate.m */ = {isa = PBXFileReference; lastKnownFileType = sourcecode.c.objc; path = AppDelegate.m; sourceTree = "<group>"; };
		476DA90B1CA1421A00973BD3 /* ViewController.h */ = {isa = PBXFileReference; lastKnownFileType = sourcecode.c.h; path = ViewController.h; sourceTree = "<group>"; };
		476DA90C1CA1421A00973BD3 /* ViewController.m */ = {isa = PBXFileReference; lastKnownFileType = sourcecode.c.objc; path = ViewController.m; sourceTree = "<group>"; };
		476DA90F1CA1421A00973BD3 /* Base */ = {isa = PBXFileReference; lastKnownFileType = file.storyboard; name = Base; path = Base.lproj/Main.storyboard; sourceTree = "<group>"; };
		476DA9111CA1421A00973BD3 /* Assets.xcassets */ = {isa = PBXFileReference; lastKnownFileType = folder.assetcatalog; path = Assets.xcassets; sourceTree = "<group>"; };
		476DA9141CA1421A00973BD3 /* Base */ = {isa = PBXFileReference; lastKnownFileType = file.storyboard; name = Base; path = Base.lproj/LaunchScreen.storyboard; sourceTree = "<group>"; };
		476DA9161CA1421A00973BD3 /* Info.plist */ = {isa = PBXFileReference; lastKnownFileType = text.plist.xml; path = Info.plist; sourceTree = "<group>"; };
		476DA91D1CA1422200973BD3 /* XhorTableView.h */ = {isa = PBXFileReference; fileEncoding = 4; lastKnownFileType = sourcecode.c.h; path = XhorTableView.h; sourceTree = "<group>"; };
		476DA91E1CA1422200973BD3 /* XhorTableView.m */ = {isa = PBXFileReference; fileEncoding = 4; lastKnownFileType = sourcecode.c.objc; path = XhorTableView.m; sourceTree = "<group>"; };
		476DA91F1CA1422200973BD3 /* XtableCell.h */ = {isa = PBXFileReference; fileEncoding = 4; lastKnownFileType = sourcecode.c.h; path = XtableCell.h; sourceTree = "<group>"; };
		476DA9201CA1422200973BD3 /* XtableCell.m */ = {isa = PBXFileReference; fileEncoding = 4; lastKnownFileType = sourcecode.c.objc; path = XtableCell.m; sourceTree = "<group>"; };
		476DA9211CA1422200973BD3 /* XtableCell.xib */ = {isa = PBXFileReference; fileEncoding = 4; lastKnownFileType = file.xib; path = XtableCell.xib; sourceTree = "<group>"; };
/* End PBXFileReference section */

/* Begin PBXFrameworksBuildPhase section */
		476DA8FF1CA1421A00973BD3 /* Frameworks */ = {
			isa = PBXFrameworksBuildPhase;
			buildActionMask = 2147483647;
			files = (
			);
			runOnlyForDeploymentPostprocessing = 0;
		};
/* End PBXFrameworksBuildPhase section */

/* Begin PBXGroup section */
		476DA8F91CA1421A00973BD3 = {
			isa = PBXGroup;
			children = (
				476DA9041CA1421A00973BD3 /* XhorTableView-Master */,
				476DA9031CA1421A00973BD3 /* Products */,
			);
			sourceTree = "<group>";
		};
		476DA9031CA1421A00973BD3 /* Products */ = {
			isa = PBXGroup;
			children = (
				476DA9021CA1421A00973BD3 /* XhorTableView-Master.app */,
			);
			name = Products;
			sourceTree = "<group>";
		};
		476DA9041CA1421A00973BD3 /* XhorTableView-Master */ = {
			isa = PBXGroup;
			children = (
				476DA91C1CA1422200973BD3 /* XhorTableView */,
				476DA9081CA1421A00973BD3 /* AppDelegate.h */,
				476DA9091CA1421A00973BD3 /* AppDelegate.m */,
				476DA90B1CA1421A00973BD3 /* ViewController.h */,
				476DA90C1CA1421A00973BD3 /* ViewController.m */,
				476DA90E1CA1421A00973BD3 /* Main.storyboard */,
				476DA9111CA1421A00973BD3 /* Assets.xcassets */,
				476DA9131CA1421A00973BD3 /* LaunchScreen.storyboard */,
				476DA9161CA1421A00973BD3 /* Info.plist */,
				476DA9051CA1421A00973BD3 /* Supporting Files */,
			);
			path = "XhorTableView-Master";
			sourceTree = "<group>";
		};
		476DA9051CA1421A00973BD3 /* Supporting Files */ = {
			isa = PBXGroup;
			children = (
				476DA9061CA1421A00973BD3 /* main.m */,
			);
			name = "Supporting Files";
			sourceTree = "<group>";
		};
		476DA91C1CA1422200973BD3 /* XhorTableView */ = {
			isa = PBXGroup;
			children = (
				476DA91D1CA1422200973BD3 /* XhorTableView.h */,
				476DA91E1CA1422200973BD3 /* XhorTableView.m */,
				476DA91F1CA1422200973BD3 /* XtableCell.h */,
				476DA9201CA1422200973BD3 /* XtableCell.m */,
				476DA9211CA1422200973BD3 /* XtableCell.xib */,
			);
			path = XhorTableView;
			sourceTree = "<group>";
		};
/* End PBXGroup section */

/* Begin PBXNativeTarget section */
		476DA9011CA1421A00973BD3 /* XhorTableView-Master */ = {
			isa = PBXNativeTarget;
			buildConfigurationList = 476DA9191CA1421A00973BD3 /* Build configuration list for PBXNativeTarget "XhorTableView-Master" */;
			buildPhases = (
				476DA8FE1CA1421A00973BD3 /* Sources */,
				476DA8FF1CA1421A00973BD3 /* Frameworks */,
				476DA9001CA1421A00973BD3 /* Resources */,
			);
			buildRules = (
			);
			dependencies = (
			);
			name = "XhorTableView-Master";
			productName = "XhorTableView-Master";
			productReference = 476DA9021CA1421A00973BD3 /* XhorTableView-Master.app */;
			productType = "com.apple.product-type.application";
		};
/* End PBXNativeTarget section */

/* Begin PBXProject section */
		476DA8FA1CA1421A00973BD3 /* Project object */ = {
			isa = PBXProject;
			attributes = {
				LastUpgradeCheck = 0720;
				ORGANIZATIONNAME = xueyongwei;
				TargetAttributes = {
					476DA9011CA1421A00973BD3 = {
						CreatedOnToolsVersion = 7.2.1;
						DevelopmentTeam = 42FQR4EVHR;
					};
				};
			};
			buildConfigurationList = 476DA8FD1CA1421A00973BD3 /* Build configuration list for PBXProject "XhorTableView-Master" */;
			compatibilityVersion = "Xcode 3.2";
			developmentRegion = English;
			hasScannedForEncodings = 0;
			knownRegions = (
				en,
				Base,
			);
			mainGroup = 476DA8F91CA1421A00973BD3;
			productRefGroup = 476DA9031CA1421A00973BD3 /* Products */;
			projectDirPath = "";
			projectRoot = "";
			targets = (
				476DA9011CA1421A00973BD3 /* XhorTableView-Master */,
			);
		};
/* End PBXProject section */

/* Begin PBXResourcesBuildPhase section */
		476DA9001CA1421A00973BD3 /* Resources */ = {
			isa = PBXResourcesBuildPhase;
			buildActionMask = 2147483647;
			files = (
				476DA9151CA1421A00973BD3 /* LaunchScreen.storyboard in Resources */,
				476DA9121CA1421A00973BD3 /* Assets.xcassets in Resources */,
				476DA9101CA1421A00973BD3 /* Main.storyboard in Resources */,
				476DA9241CA1422200973BD3 /* XtableCell.xib in Resources */,
			);
			runOnlyForDeploymentPostprocessing = 0;
		};
/* End PBXResourcesBuildPhase section */

/* Begin PBXSourcesBuildPhase section */
		476DA8FE1CA1421A00973BD3 /* Sources */ = {
			isa = PBXSourcesBuildPhase;
			buildActionMask = 2147483647;
			files = (
				476DA90D1CA1421A00973BD3 /* ViewController.m in Sources */,
				476DA90A1CA1421A00973BD3 /* AppDelegate.m in Sources */,
				476DA9221CA1422200973BD3 /* XhorTableView.m in Sources */,
				476DA9071CA1421A00973BD3 /* main.m in Sources */,
				476DA9231CA1422200973BD3 /* XtableCell.m in Sources */,
			);
			runOnlyForDeploymentPostprocessing = 0;
		};
/* End PBXSourcesBuildPhase section */

/* Begin PBXVariantGroup section */
		476DA90E1CA1421A00973BD3 /* Main.storyboard */ = {
			isa = PBXVariantGroup;
			children = (
				476DA90F1CA1421A00973BD3 /* Base */,
			);
			name = Main.storyboard;
			sourceTree = "<group>";
		};
		476DA9131CA1421A00973BD3 /* LaunchScreen.storyboard */ = {
			isa = PBXVariantGroup;
			children = (
				476DA9141CA1421A00973BD3 /* Base */,
			);
			name = LaunchScreen.storyboard;
			sourceTree = "<group>";
		};
/* End PBXVariantGroup section */

/* Begin XCBuildConfiguration section */
		476DA9171CA1421A00973BD3 /* Debug */ = {
			isa = XCBuildConfiguration;
			buildSettings = {
				ALWAYS_SEARCH_USER_PATHS = NO;
				CLANG_CXX_LANGUAGE_STANDARD = "gnu++0x";
				CLANG_CXX_LIBRARY = "libc++";
				CLANG_ENABLE_MODULES = YES;
				CLANG_ENABLE_OBJC_ARC = YES;
				CLANG_WARN_BOOL_CONVERSION = YES;
				CLANG_WARN_CONSTANT_CONVERSION = YES;
				CLANG_WARN_DIRECT_OBJC_ISA_USAGE = YES_ERROR;
				CLANG_WARN_EMPTY_BODY = YES;
				CLANG_WARN_ENUM_CONVERSION = YES;
				CLANG_WARN_INT_CONVERSION = YES;
				CLANG_WARN_OBJC_ROOT_CLASS = YES_ERROR;
				CLANG_WARN_UNREACHABLE_CODE = YES;
				CLANG_WARN__DUPLICATE_METHOD_MATCH = YES;
				"CODE_SIGN_IDENTITY[sdk=iphoneos*]" = "iPhone Developer";
				COPY_PHASE_STRIP = NO;
				DEBUG_INFORMATION_FORMAT = dwarf;
				ENABLE_STRICT_OBJC_MSGSEND = YES;
				ENABLE_TESTABILITY = YES;
				GCC_C_LANGUAGE_STANDARD = gnu99;
				GCC_DYNAMIC_NO_PIC = NO;
				GCC_NO_COMMON_BLOCKS = YES;
				GCC_OPTIMIZATION_LEVEL = 0;
				GCC_PREPROCESSOR_DEFINITIONS = (
					"DEBUG=1",
					"$(inherited)",
				);
				GCC_WARN_64_TO_32_BIT_CONVERSION = YES;
				GCC_WARN_ABOUT_RETURN_TYPE = YES_ERROR;
				GCC_WARN_UNDECLARED_SELECTOR = YES;
				GCC_WARN_UNINITIALIZED_AUTOS = YES_AGGRESSIVE;
				GCC_WARN_UNUSED_FUNCTION = YES;
				GCC_WARN_UNUSED_VARIABLE = YES;
				IPHONEOS_DEPLOYMENT_TARGET = 9.2;
				MTL_ENABLE_DEBUG_INFO = YES;
				ONLY_ACTIVE_ARCH = YES;
				SDKROOT = iphoneos;
			};
			name = Debug;
		};
		476DA9181CA1421A00973BD3 /* Release */ = {
			isa = XCBuildConfiguration;
			buildSettings = {
				ALWAYS_SEARCH_USER_PATHS = NO;
				CLANG_CXX_LANGUAGE_STANDARD = "gnu++0x";
				CLANG_CXX_LIBRARY = "libc++";
				CLANG_ENABLE_MODULES = YES;
				CLANG_ENABLE_OBJC_ARC = YES;
				CLANG_WARN_BOOL_CONVERSION = YES;
				CLANG_WARN_CONSTANT_CONVERSION = YES;
				CLANG_WARN_DIRECT_OBJC_ISA_USAGE = YES_ERROR;
				CLANG_WARN_EMPTY_BODY = YES;
				CLANG_WARN_ENUM_CONVERSION = YES;
				CLANG_WARN_INT_CONVERSION = YES;
				CLANG_WARN_OBJC_ROOT_CLASS = YES_ERROR;
				CLANG_WARN_UNREACHABLE_CODE = YES;
				CLANG_WARN__DUPLICATE_METHOD_MATCH = YES;
				"CODE_SIGN_IDENTITY[sdk=iphoneos*]" = "iPhone Developer";
				COPY_PHASE_STRIP = NO;
				DEBUG_INFORMATION_FORMAT = "dwarf-with-dsym";
				ENABLE_NS_ASSERTIONS = NO;
				ENABLE_STRICT_OBJC_MSGSEND = YES;
				GCC_C_LANGUAGE_STANDARD = gnu99;
				GCC_NO_COMMON_BLOCKS = YES;
				GCC_WARN_64_TO_32_BIT_CONVERSION = YES;
				GCC_WARN_ABOUT_RETURN_TYPE = YES_ERROR;
				GCC_WARN_UNDECLARED_SELECTOR = YES;
				GCC_WARN_UNINITIALIZED_AUTOS = YES_AGGRESSIVE;
				GCC_WARN_UNUSED_FUNCTION = YES;
				GCC_WARN_UNUSED_VARIABLE = YES;
				IPHONEOS_DEPLOYMENT_TARGET = 9.2;
				MTL_ENABLE_DEBUG_INFO = NO;
				SDKROOT = iphoneos;
				VALIDATE_PRODUCT = YES;
			};
			name = Release;
		};
		476DA91A1CA1421A00973BD3 /* Debug */ = {
			isa = XCBuildConfiguration;
			buildSettings = {
				ASSETCATALOG_COMPILER_APPICON_NAME = AppIcon;
				INFOPLIST_FILE = "XhorTableView-Master/Info.plist";
				LD_RUNPATH_SEARCH_PATHS = "$(inherited) @executable_path/Frameworks";
				PRODUCT_BUNDLE_IDENTIFIER = "pub.xyw.XhorTableView-Master";
				PRODUCT_NAME = "$(TARGET_NAME)";
			};
			name = Debug;
		};
		476DA91B1CA1421A00973BD3 /* Release */ = {
			isa = XCBuildConfiguration;
			buildSettings = {
				ASSETCATALOG_COMPILER_APPICON_NAME = AppIcon;
				INFOPLIST_FILE = "XhorTableView-Master/Info.plist";
				LD_RUNPATH_SEARCH_PATHS = "$(inherited) @executable_path/Frameworks";
				PRODUCT_BUNDLE_IDENTIFIER = "pub.xyw.XhorTableView-Master";
				PRODUCT_NAME = "$(TARGET_NAME)";
			};
			name = Release;
		};
/* End XCBuildConfiguration section */

/* Begin XCConfigurationList section */
		476DA8FD1CA1421A00973BD3 /* Build configuration list for PBXProject "XhorTableView-Master" */ = {
			isa = XCConfigurationList;
			buildConfigurations = (
				476DA9171CA1421A00973BD3 /* Debug */,
				476DA9181CA1421A00973BD3 /* Release */,
			);
			defaultConfigurationIsVisible = 0;
			defaultConfigurationName = Release;
		};
		476DA9191CA1421A00973BD3 /* Build configuration list for PBXNativeTarget "XhorTableView-Master" */ = {
			isa = XCConfigurationList;
			buildConfigurations = (
				476DA91A1CA1421A00973BD3 /* Debug */,
				476DA91B1CA1421A00973BD3 /* Release */,
			);
			defaultConfigurationIsVisible = 0;
		};
/* End XCConfigurationList section */
	};
	rootObject = 476DA8FA1CA1421A00973BD3 /* Project object */;
}
